
Microsoft Visual Studio Solution File, Format Version 12.00
# Visual Studio Version 17
VisualStudioVersion = 17.12.35506.116 d17.12
MinimumVisualStudioVersion = 10.0.40219.1
Project("{FAE04EC0-301F-11D3-BF4B-00C04F79EFBC}") = "Part 3 console input", "Part 3 console input.csproj", "{C7E9E7AC-5A10-4D8F-9F13-D8D5E19A0D63}"
EndProject
Global
	GlobalSection(SolutionConfigurationPlatforms) = preSolution
		Debug|Any CPU = Debug|Any CPU
		Release|Any CPU = Release|Any CPU
	EndGlobalSection
	GlobalSection(ProjectConfigurationPlatforms) = postSolution
		{C7E9E7AC-5A10-4D8F-9F13-D8D5E19A0D63}.Debug|Any CPU.ActiveCfg = Debug|Any CPU
		{C7E9E7AC-5A10-4D8F-9F13-D8D5E19A0D63}.Debug|Any CPU.Build.0 = Debug|Any CPU
		{C7E9E7AC-5A10-4D8F-9F13-D8D5E19A0D63}.Release|Any CPU.ActiveCfg = Release|Any CPU
		{C7E9E7AC-5A10-4D8F-9F13-D8D5E19A0D63}.Release|Any CPU.Build.0 = Release|Any CPU
	EndGlobalSection
	GlobalSection(SolutionProperties) = preSolution
		HideSolutionNode = FALSE
	EndGlobalSection
EndGlobal
